{
    "_readme": [
        "This file locks the dependencies of your project to a known state",
        "Read more about it at https://getcomposer.org/doc/01-basic-usage.md#installing-dependencies",
        "This file is @generated automatically"
    ],
    "content-hash": "423346e7e535f0df2d8c5b6426a31af8",
    "packages": [
        {
            "name": "fisharebest/algorithm",
            "version": "1.6.0",
            "source": {
                "type": "git",
                "url": "https://github.com/fisharebest/algorithm.git",
                "reference": "ce8cee9f8b1fe93b998d7c359f6a0e8598d9f1e7"
            },
            "dist": {
                "type": "zip",
                "url": "https://api.github.com/repos/fisharebest/algorithm/zipball/ce8cee9f8b1fe93b998d7c359f6a0e8598d9f1e7",
                "reference": "ce8cee9f8b1fe93b998d7c359f6a0e8598d9f1e7",
                "shasum": ""
            },
            "require": {
                "php": ">=5.3.0"
            },
            "require-dev": {
                "php-coveralls/php-coveralls": "*",
                "phpunit/phpunit": "4 - 9"
            },
            "type": "library",
            "autoload": {
                "psr-4": {
                    "Fisharebest\\Algorithm\\": "src/",
                    "Fisharebest\\Tests\\Algorithm\\": "tests/"
                }
            },
            "notification-url": "https://packagist.org/downloads/",
            "license": [
                "GPL-3.0-or-later"
            ],
            "authors": [
                {
                    "name": "Greg Roach",
                    "email": "greg@subaqua.co.uk",
                    "role": "Developer"
                }
            ],
            "description": "Implementation of standard algorithms in PHP.",
            "homepage": "https://github.com/fisharebest/algorithm",
            "keywords": [
                "Algorithm",
                "diff",
                "dijkstra",
                "myers"
            ],
            "support": {
                "issues": "https://github.com/fisharebest/algorithm/issues",
                "source": "https://github.com/fisharebest/algorithm/tree/1.6.0"
            },
            "time": "2021-09-03T12:13:28+00:00"
        }
    ],
    "packages-dev": [],
    "aliases": [],
    "minimum-stability": "stable",
    "stability-flags": [],
    "prefer-stable": false,
    "prefer-lowest": false,
    "platform": [],
    "platform-dev": [],
    "platform-overrides": {
        "php": "7.4.21"
    },
    "plugin-api-version": "2.2.0"
}
